// !$*UTF8*$!
{
	archiveVersion = 1;
	classes = {
	};
	objectVersion = 54;
	objects = {

/* Begin PBXBuildFile section */
		00E356F31AD99517003FC87E /* programmerslabagecalculatorTests.m in Sources */ = {isa = PBXBuildFile; fileRef = 00E356F21AD99517003FC87E /* programmerslabagecalculatorTests.m */; };
		0C80B921A6F3F58F76C31292 /* libPods-programmerslabagecalculator.a in Frameworks */ = {isa = PBXBuildFile; fileRef = 5DCACB8F33CDC322A6C60F78 /* libPods-programmerslabagecalculator.a */; };
		13B07FBC1A68108700A75B9A /* AppDelegate.mm in Sources */ = {isa = PBXBuildFile; fileRef = 13B07FB01A68108700A75B9A /* AppDelegate.mm */; };
		13B07FBF1A68108700A75B9A /* Images.xcassets in Resources */ = {isa = PBXBuildFile; fileRef = 13B07FB51A68108700A75B9A /* Images.xcassets */; };
		13B07FC11A68108700A75B9A /* main.m in Sources */ = {isa = PBXBuildFile; fileRef = 13B07FB71A68108700A75B9A /* main.m */; };
		7699B88040F8A987B510C191 /* libPods-programmerslabagecalculator-programmerslabagecalculatorTests.a in Frameworks */ = {isa = PBXBuildFile; fileRef = 19F6CBCC0A4E27FBF8BF4A61 /* libPods-programmerslabagecalculator-programmerslabagecalculatorTests.a */; };
		81AB9BB82411601600AC10FF /* LaunchScreen.storyboard in Resources */ = {isa = PBXBuildFile; fileRef = 81AB9BB72411601600AC10FF /* LaunchScreen.storyboard */; };
		31BF9A4566294097B78832F7 /* LibreBaskerville-Bold.ttf in Resources */ = {isa = PBXBuildFile; fileRef = 6438A18FB7204E43A42714DB /* LibreBaskerville-Bold.ttf */; };
		6414A52DC8774EAEB834BDE1 /* LibreBaskerville-Italic.ttf in Resources */ = {isa = PBXBuildFile; fileRef = 2CB85D08A5D14BD9B65D05D1 /* LibreBaskerville-Italic.ttf */; };
		71590A52E6984887BC7397C0 /* LibreBaskerville-Regular.ttf in Resources */ = {isa = PBXBuildFile; fileRef = E7CED30B633D4E9F844A3921 /* LibreBaskerville-Regular.ttf */; };
		3CF1B9A1F11440B68F9BC1AC /* LibreFranklin-Black.ttf in Resources */ = {isa = PBXBuildFile; fileRef = C221088FF5A545AABD47F3A3 /* LibreFranklin-Black.ttf */; };
		EFC6BB6E6CF04055932EC47E /* LibreFranklin-BlackItalic.ttf in Resources */ = {isa = PBXBuildFile; fileRef = A91EF1BF64B04C7D94707E6E /* LibreFranklin-BlackItalic.ttf */; };
		EBA44A0139DB4FB09BE8D146 /* LibreFranklin-Bold.ttf in Resources */ = {isa = PBXBuildFile; fileRef = 93BC8121C555401A8543F997 /* LibreFranklin-Bold.ttf */; };
		5EC44715BD58487DB5698907 /* LibreFranklin-BoldItalic.ttf in Resources */ = {isa = PBXBuildFile; fileRef = 3FC828DB87464DBCBA1CA1A4 /* LibreFranklin-BoldItalic.ttf */; };
		D88320DD761D43D3BCB31CAE /* LibreFranklin-ExtraBold.ttf in Resources */ = {isa = PBXBuildFile; fileRef = 46785A959B624527A1DA3483 /* LibreFranklin-ExtraBold.ttf */; };
		71609BFC33F147AA86CC2353 /* LibreFranklin-ExtraBoldItalic.ttf in Resources */ = {isa = PBXBuildFile; fileRef = FB600BCF2C234C7F9ADE74FF /* LibreFranklin-ExtraBoldItalic.ttf */; };
		F4E0C98CD6394A54A7C00008 /* LibreFranklin-ExtraLight.ttf in Resources */ = {isa = PBXBuildFile; fileRef = 80C843158E18441FB8997D3C /* LibreFranklin-ExtraLight.ttf */; };
		94EBA25E5D1C4C358DACB526 /* LibreFranklin-ExtraLightItalic.ttf in Resources */ = {isa = PBXBuildFile; fileRef = 5116F8A9596844208BCB4D5F /* LibreFranklin-ExtraLightItalic.ttf */; };
		528939924FBD459ABC583728 /* LibreFranklin-Italic-VariableFont_wght.ttf in Resources */ = {isa = PBXBuildFile; fileRef = 5E384376D9E041FB8F5E6B62 /* LibreFranklin-Italic-VariableFont_wght.ttf */; };
		F01794B07904416BB82318F7 /* LibreFranklin-Italic.ttf in Resources */ = {isa = PBXBuildFile; fileRef = 3789360034C94BA99409924A /* LibreFranklin-Italic.ttf */; };
		4E376CE56D0D44FE98994B03 /* LibreFranklin-Light.ttf in Resources */ = {isa = PBXBuildFile; fileRef = 4B543A14E08C466EA1DDEF92 /* LibreFranklin-Light.ttf */; };
		513154F08AFF4F8AA0B9EC1E /* LibreFranklin-LightItalic.ttf in Resources */ = {isa = PBXBuildFile; fileRef = DA6E81B50CEB45728AF73D25 /* LibreFranklin-LightItalic.ttf */; };
		A1E83273C10045C5B01852C3 /* LibreFranklin-Medium.ttf in Resources */ = {isa = PBXBuildFile; fileRef = 6DECFBA770424B5489A596F0 /* LibreFranklin-Medium.ttf */; };
		82A82011695F4A898BF52B84 /* LibreFranklin-MediumItalic.ttf in Resources */ = {isa = PBXBuildFile; fileRef = DD549A7CEB62422CB4E25C2C /* LibreFranklin-MediumItalic.ttf */; };
		9489E21B68604B7E8314EF25 /* LibreFranklin-Regular.ttf in Resources */ = {isa = PBXBuildFile; fileRef = 91236CCA6DBE44B3A77226CD /* LibreFranklin-Regular.ttf */; };
		CBD0E61815C146108D275586 /* LibreFranklin-SemiBold.ttf in Resources */ = {isa = PBXBuildFile; fileRef = 9C80BF7B84B9433E87F57E6F /* LibreFranklin-SemiBold.ttf */; };
		D130FB3FDF6644FAA31A3880 /* LibreFranklin-SemiBoldItalic.ttf in Resources */ = {isa = PBXBuildFile; fileRef = DC68A9E1E3B34FFA8871DE12 /* LibreFranklin-SemiBoldItalic.ttf */; };
		C650692370FA455EAE6812A4 /* LibreFranklin-Thin.ttf in Resources */ = {isa = PBXBuildFile; fileRef = E7D8653F62C34660B723397B /* LibreFranklin-Thin.ttf */; };
		0BE1200EB6C3462487DDFB35 /* LibreFranklin-ThinItalic.ttf in Resources */ = {isa = PBXBuildFile; fileRef = 03E200F079C84252B1591B60 /* LibreFranklin-ThinItalic.ttf */; };
		EF11F2C0FC1E4E0988880BDD /* LibreFranklin-VariableFont_wght.ttf in Resources */ = {isa = PBXBuildFile; fileRef = 607466E2E69A485A8F7F1A7D /* LibreFranklin-VariableFont_wght.ttf */; };
		D87DCF46B50640219B982575 /* Mali-Bold.ttf in Resources */ = {isa = PBXBuildFile; fileRef = F738781BAD9447EEBC00CFAD /* Mali-Bold.ttf */; };
		80AA16B96BC6411C98F4BFDB /* Mali-BoldItalic.ttf in Resources */ = {isa = PBXBuildFile; fileRef = 917C794DF823478B8343476E /* Mali-BoldItalic.ttf */; };
		E6A0764FD708407C873B9865 /* Mali-ExtraLight.ttf in Resources */ = {isa = PBXBuildFile; fileRef = AEACC365F51C4EFF8E9AD4D0 /* Mali-ExtraLight.ttf */; };
		B8E006942F374033AA17FC87 /* Mali-ExtraLightItalic.ttf in Resources */ = {isa = PBXBuildFile; fileRef = AC0A092ECF464F70B45C5E9E /* Mali-ExtraLightItalic.ttf */; };
		E2C5301C9D6245EBA53C097B /* Mali-Italic.ttf in Resources */ = {isa = PBXBuildFile; fileRef = F8836E312A9D4182AEFED137 /* Mali-Italic.ttf */; };
		71CFC39FEEE14FA6BDE17F33 /* Mali-Light.ttf in Resources */ = {isa = PBXBuildFile; fileRef = B30430DB02704779AE30975C /* Mali-Light.ttf */; };
		DDACC5E30BE04CCBA13D2768 /* Mali-LightItalic.ttf in Resources */ = {isa = PBXBuildFile; fileRef = DB32C510277B4C2B829810BC /* Mali-LightItalic.ttf */; };
		AED5989412C44E78B152A058 /* Mali-Medium.ttf in Resources */ = {isa = PBXBuildFile; fileRef = FB2DD58438724EFEB7366DD0 /* Mali-Medium.ttf */; };
		16B1CAF9C3B14B7E90ECD0FB /* Mali-MediumItalic.ttf in Resources */ = {isa = PBXBuildFile; fileRef = AA6247889D72457AB1F3E2A7 /* Mali-MediumItalic.ttf */; };
		F245E6EB47CD405BBFC7130C /* Mali-Regular.ttf in Resources */ = {isa = PBXBuildFile; fileRef = E3971587ED264451A310E69F /* Mali-Regular.ttf */; };
		930AC0D6A912483980EE24A8 /* Mali-SemiBold.ttf in Resources */ = {isa = PBXBuildFile; fileRef = 848C4AC674804C009E55AFA9 /* Mali-SemiBold.ttf */; };
		C7F03E8FAB2B45B6A6E490FF /* Mali-SemiBoldItalic.ttf in Resources */ = {isa = PBXBuildFile; fileRef = 87A23E4B0FED45C8AFB0DE32 /* Mali-SemiBoldItalic.ttf */; };
		99F92C8C1CC2420194CEFC83 /* OFL.txt in Resources */ = {isa = PBXBuildFile; fileRef = 8C92C9952EDD47E38C8BF9FF /* OFL.txt */; };
/* End PBXBuildFile section */

/* Begin PBXContainerItemProxy section */
		00E356F41AD99517003FC87E /* PBXContainerItemProxy */ = {
			isa = PBXContainerItemProxy;
			containerPortal = 83CBB9F71A601CBA00E9B192 /* Project object */;
			proxyType = 1;
			remoteGlobalIDString = 13B07F861A680F5B00A75B9A;
			remoteInfo = programmerslabagecalculator;
		};
/* End PBXContainerItemProxy section */

/* Begin PBXFileReference section */
		00E356EE1AD99517003FC87E /* programmerslabagecalculatorTests.xctest */ = {isa = PBXFileReference; explicitFileType = wrapper.cfbundle; includeInIndex = 0; path = programmerslabagecalculatorTests.xctest; sourceTree = BUILT_PRODUCTS_DIR; };
		00E356F11AD99517003FC87E /* Info.plist */ = {isa = PBXFileReference; lastKnownFileType = text.plist.xml; path = Info.plist; sourceTree = "<group>"; };
		00E356F21AD99517003FC87E /* programmerslabagecalculatorTests.m */ = {isa = PBXFileReference; lastKnownFileType = sourcecode.c.objc; path = programmerslabagecalculatorTests.m; sourceTree = "<group>"; };
		13B07F961A680F5B00A75B9A /* programmerslabagecalculator.app */ = {isa = PBXFileReference; explicitFileType = wrapper.application; includeInIndex = 0; path = programmerslabagecalculator.app; sourceTree = BUILT_PRODUCTS_DIR; };
		13B07FAF1A68108700A75B9A /* AppDelegate.h */ = {isa = PBXFileReference; fileEncoding = 4; lastKnownFileType = sourcecode.c.h; name = AppDelegate.h; path = programmerslabagecalculator/AppDelegate.h; sourceTree = "<group>"; };
		13B07FB01A68108700A75B9A /* AppDelegate.mm */ = {isa = PBXFileReference; fileEncoding = 4; lastKnownFileType = sourcecode.cpp.objcpp; name = AppDelegate.mm; path = programmerslabagecalculator/AppDelegate.mm; sourceTree = "<group>"; };
		13B07FB51A68108700A75B9A /* Images.xcassets */ = {isa = PBXFileReference; lastKnownFileType = folder.assetcatalog; name = Images.xcassets; path = programmerslabagecalculator/Images.xcassets; sourceTree = "<group>"; };
		13B07FB61A68108700A75B9A /* Info.plist */ = {isa = PBXFileReference; fileEncoding = 4; lastKnownFileType = text.plist.xml; name = Info.plist; path = programmerslabagecalculator/Info.plist; sourceTree = "<group>"; };
		13B07FB71A68108700A75B9A /* main.m */ = {isa = PBXFileReference; fileEncoding = 4; lastKnownFileType = sourcecode.c.objc; name = main.m; path = programmerslabagecalculator/main.m; sourceTree = "<group>"; };
		13B07FB81A68108700A75B9A /* PrivacyInfo.xcprivacy */ = {isa = PBXFileReference; fileEncoding = 4; lastKnownFileType = text.plist.xml; name = PrivacyInfo.xcprivacy; path = programmerslabagecalculator/PrivacyInfo.xcprivacy; sourceTree = "<group>"; };
		19F6CBCC0A4E27FBF8BF4A61 /* libPods-programmerslabagecalculator-programmerslabagecalculatorTests.a */ = {isa = PBXFileReference; explicitFileType = archive.ar; includeInIndex = 0; path = "libPods-programmerslabagecalculator-programmerslabagecalculatorTests.a"; sourceTree = BUILT_PRODUCTS_DIR; };
		3B4392A12AC88292D35C810B /* Pods-programmerslabagecalculator.debug.xcconfig */ = {isa = PBXFileReference; includeInIndex = 1; lastKnownFileType = text.xcconfig; name = "Pods-programmerslabagecalculator.debug.xcconfig"; path = "Target Support Files/Pods-programmerslabagecalculator/Pods-programmerslabagecalculator.debug.xcconfig"; sourceTree = "<group>"; };
		5709B34CF0A7D63546082F79 /* Pods-programmerslabagecalculator.release.xcconfig */ = {isa = PBXFileReference; includeInIndex = 1; lastKnownFileType = text.xcconfig; name = "Pods-programmerslabagecalculator.release.xcconfig"; path = "Target Support Files/Pods-programmerslabagecalculator/Pods-programmerslabagecalculator.release.xcconfig"; sourceTree = "<group>"; };
		5B7EB9410499542E8C5724F5 /* Pods-programmerslabagecalculator-programmerslabagecalculatorTests.debug.xcconfig */ = {isa = PBXFileReference; includeInIndex = 1; lastKnownFileType = text.xcconfig; name = "Pods-programmerslabagecalculator-programmerslabagecalculatorTests.debug.xcconfig"; path = "Target Support Files/Pods-programmerslabagecalculator-programmerslabagecalculatorTests/Pods-programmerslabagecalculator-programmerslabagecalculatorTests.debug.xcconfig"; sourceTree = "<group>"; };
		5DCACB8F33CDC322A6C60F78 /* libPods-programmerslabagecalculator.a */ = {isa = PBXFileReference; explicitFileType = archive.ar; includeInIndex = 0; path = "libPods-programmerslabagecalculator.a"; sourceTree = BUILT_PRODUCTS_DIR; };
		81AB9BB72411601600AC10FF /* LaunchScreen.storyboard */ = {isa = PBXFileReference; fileEncoding = 4; lastKnownFileType = file.storyboard; name = LaunchScreen.storyboard; path = programmerslabagecalculator/LaunchScreen.storyboard; sourceTree = "<group>"; };
		89C6BE57DB24E9ADA2F236DE /* Pods-programmerslabagecalculator-programmerslabagecalculatorTests.release.xcconfig */ = {isa = PBXFileReference; includeInIndex = 1; lastKnownFileType = text.xcconfig; name = "Pods-programmerslabagecalculator-programmerslabagecalculatorTests.release.xcconfig"; path = "Target Support Files/Pods-programmerslabagecalculator-programmerslabagecalculatorTests/Pods-programmerslabagecalculator-programmerslabagecalculatorTests.release.xcconfig"; sourceTree = "<group>"; };
		ED297162215061F000B7C4FE /* JavaScriptCore.framework */ = {isa = PBXFileReference; lastKnownFileType = wrapper.framework; name = JavaScriptCore.framework; path = System/Library/Frameworks/JavaScriptCore.framework; sourceTree = SDKROOT; };
		6438A18FB7204E43A42714DB /* LibreBaskerville-Bold.ttf */ = {isa = PBXFileReference; name = "LibreBaskerville-Bold.ttf"; path = "../assets/fonts/LibreBaskerville-Bold.ttf"; sourceTree = "<group>"; fileEncoding = undefined; lastKnownFileType = unknown; explicitFileType = undefined; includeInIndex = 0; };
		2CB85D08A5D14BD9B65D05D1 /* LibreBaskerville-Italic.ttf */ = {isa = PBXFileReference; name = "LibreBaskerville-Italic.ttf"; path = "../assets/fonts/LibreBaskerville-Italic.ttf"; sourceTree = "<group>"; fileEncoding = undefined; lastKnownFileType = unknown; explicitFileType = undefined; includeInIndex = 0; };
		E7CED30B633D4E9F844A3921 /* LibreBaskerville-Regular.ttf */ = {isa = PBXFileReference; name = "LibreBaskerville-Regular.ttf"; path = "../assets/fonts/LibreBaskerville-Regular.ttf"; sourceTree = "<group>"; fileEncoding = undefined; lastKnownFileType = unknown; explicitFileType = undefined; includeInIndex = 0; };
		C221088FF5A545AABD47F3A3 /* LibreFranklin-Black.ttf */ = {isa = PBXFileReference; name = "LibreFranklin-Black.ttf"; path = "../assets/fonts/LibreFranklin-Black.ttf"; sourceTree = "<group>"; fileEncoding = undefined; lastKnownFileType = unknown; explicitFileType = undefined; includeInIndex = 0; };
		A91EF1BF64B04C7D94707E6E /* LibreFranklin-BlackItalic.ttf */ = {isa = PBXFileReference; name = "LibreFranklin-BlackItalic.ttf"; path = "../assets/fonts/LibreFranklin-BlackItalic.ttf"; sourceTree = "<group>"; fileEncoding = undefined; lastKnownFileType = unknown; explicitFileType = undefined; includeInIndex = 0; };
		93BC8121C555401A8543F997 /* LibreFranklin-Bold.ttf */ = {isa = PBXFileReference; name = "LibreFranklin-Bold.ttf"; path = "../assets/fonts/LibreFranklin-Bold.ttf"; sourceTree = "<group>"; fileEncoding = undefined; lastKnownFileType = unknown; explicitFileType = undefined; includeInIndex = 0; };
		3FC828DB87464DBCBA1CA1A4 /* LibreFranklin-BoldItalic.ttf */ = {isa = PBXFileReference; name = "LibreFranklin-BoldItalic.ttf"; path = "../assets/fonts/LibreFranklin-BoldItalic.ttf"; sourceTree = "<group>"; fileEncoding = undefined; lastKnownFileType = unknown; explicitFileType = undefined; includeInIndex = 0; };
		46785A959B624527A1DA3483 /* LibreFranklin-ExtraBold.ttf */ = {isa = PBXFileReference; name = "LibreFranklin-ExtraBold.ttf"; path = "../assets/fonts/LibreFranklin-ExtraBold.ttf"; sourceTree = "<group>"; fileEncoding = undefined; lastKnownFileType = unknown; explicitFileType = undefined; includeInIndex = 0; };
		FB600BCF2C234C7F9ADE74FF /* LibreFranklin-ExtraBoldItalic.ttf */ = {isa = PBXFileReference; name = "LibreFranklin-ExtraBoldItalic.ttf"; path = "../assets/fonts/LibreFranklin-ExtraBoldItalic.ttf"; sourceTree = "<group>"; fileEncoding = undefined; lastKnownFileType = unknown; explicitFileType = undefined; includeInIndex = 0; };
		80C843158E18441FB8997D3C /* LibreFranklin-ExtraLight.ttf */ = {isa = PBXFileReference; name = "LibreFranklin-ExtraLight.ttf"; path = "../assets/fonts/LibreFranklin-ExtraLight.ttf"; sourceTree = "<group>"; fileEncoding = undefined; lastKnownFileType = unknown; explicitFileType = undefined; includeInIndex = 0; };
		5116F8A9596844208BCB4D5F /* LibreFranklin-ExtraLightItalic.ttf */ = {isa = PBXFileReference; name = "LibreFranklin-ExtraLightItalic.ttf"; path = "../assets/fonts/LibreFranklin-ExtraLightItalic.ttf"; sourceTree = "<group>"; fileEncoding = undefined; lastKnownFileType = unknown; explicitFileType = undefined; includeInIndex = 0; };
		5E384376D9E041FB8F5E6B62 /* LibreFranklin-Italic-VariableFont_wght.ttf */ = {isa = PBXFileReference; name = "LibreFranklin-Italic-VariableFont_wght.ttf"; path = "../assets/fonts/LibreFranklin-Italic-VariableFont_wght.ttf"; sourceTree = "<group>"; fileEncoding = undefined; lastKnownFileType = unknown; explicitFileType = undefined; includeInIndex = 0; };
		3789360034C94BA99409924A /* LibreFranklin-Italic.ttf */ = {isa = PBXFileReference; name = "LibreFranklin-Italic.ttf"; path = "../assets/fonts/LibreFranklin-Italic.ttf"; sourceTree = "<group>"; fileEncoding = undefined; lastKnownFileType = unknown; explicitFileType = undefined; includeInIndex = 0; };
		4B543A14E08C466EA1DDEF92 /* LibreFranklin-Light.ttf */ = {isa = PBXFileReference; name = "LibreFranklin-Light.ttf"; path = "../assets/fonts/LibreFranklin-Light.ttf"; sourceTree = "<group>"; fileEncoding = undefined; lastKnownFileType = unknown; explicitFileType = undefined; includeInIndex = 0; };
		DA6E81B50CEB45728AF73D25 /* LibreFranklin-LightItalic.ttf */ = {isa = PBXFileReference; name = "LibreFranklin-LightItalic.ttf"; path = "../assets/fonts/LibreFranklin-LightItalic.ttf"; sourceTree = "<group>"; fileEncoding = undefined; lastKnownFileType = unknown; explicitFileType = undefined; includeInIndex = 0; };
		6DECFBA770424B5489A596F0 /* LibreFranklin-Medium.ttf */ = {isa = PBXFileReference; name = "LibreFranklin-Medium.ttf"; path = "../assets/fonts/LibreFranklin-Medium.ttf"; sourceTree = "<group>"; fileEncoding = undefined; lastKnownFileType = unknown; explicitFileType = undefined; includeInIndex = 0; };
		DD549A7CEB62422CB4E25C2C /* LibreFranklin-MediumItalic.ttf */ = {isa = PBXFileReference; name = "LibreFranklin-MediumItalic.ttf"; path = "../assets/fonts/LibreFranklin-MediumItalic.ttf"; sourceTree = "<group>"; fileEncoding = undefined; lastKnownFileType = unknown; explicitFileType = undefined; includeInIndex = 0; };
		91236CCA6DBE44B3A77226CD /* LibreFranklin-Regular.ttf */ = {isa = PBXFileReference; name = "LibreFranklin-Regular.ttf"; path = "../assets/fonts/LibreFranklin-Regular.ttf"; sourceTree = "<group>"; fileEncoding = undefined; lastKnownFileType = unknown; explicitFileType = undefined; includeInIndex = 0; };
		9C80BF7B84B9433E87F57E6F /* LibreFranklin-SemiBold.ttf */ = {isa = PBXFileReference; name = "LibreFranklin-SemiBold.ttf"; path = "../assets/fonts/LibreFranklin-SemiBold.ttf"; sourceTree = "<group>"; fileEncoding = undefined; lastKnownFileType = unknown; explicitFileType = undefined; includeInIndex = 0; };
		DC68A9E1E3B34FFA8871DE12 /* LibreFranklin-SemiBoldItalic.ttf */ = {isa = PBXFileReference; name = "LibreFranklin-SemiBoldItalic.ttf"; path = "../assets/fonts/LibreFranklin-SemiBoldItalic.ttf"; sourceTree = "<group>"; fileEncoding = undefined; lastKnownFileType = unknown; explicitFileType = undefined; includeInIndex = 0; };
		E7D8653F62C34660B723397B /* LibreFranklin-Thin.ttf */ = {isa = PBXFileReference; name = "LibreFranklin-Thin.ttf"; path = "../assets/fonts/LibreFranklin-Thin.ttf"; sourceTree = "<group>"; fileEncoding = undefined; lastKnownFileType = unknown; explicitFileType = undefined; includeInIndex = 0; };
		03E200F079C84252B1591B60 /* LibreFranklin-ThinItalic.ttf */ = {isa = PBXFileReference; name = "LibreFranklin-ThinItalic.ttf"; path = "../assets/fonts/LibreFranklin-ThinItalic.ttf"; sourceTree = "<group>"; fileEncoding = undefined; lastKnownFileType = unknown; explicitFileType = undefined; includeInIndex = 0; };
		607466E2E69A485A8F7F1A7D /* LibreFranklin-VariableFont_wght.ttf */ = {isa = PBXFileReference; name = "LibreFranklin-VariableFont_wght.ttf"; path = "../assets/fonts/LibreFranklin-VariableFont_wght.ttf"; sourceTree = "<group>"; fileEncoding = undefined; lastKnownFileType = unknown; explicitFileType = undefined; includeInIndex = 0; };
		F738781BAD9447EEBC00CFAD /* Mali-Bold.ttf */ = {isa = PBXFileReference; name = "Mali-Bold.ttf"; path = "../assets/fonts/Mali-Bold.ttf"; sourceTree = "<group>"; fileEncoding = undefined; lastKnownFileType = unknown; explicitFileType = undefined; includeInIndex = 0; };
		917C794DF823478B8343476E /* Mali-BoldItalic.ttf */ = {isa = PBXFileReference; name = "Mali-BoldItalic.ttf"; path = "../assets/fonts/Mali-BoldItalic.ttf"; sourceTree = "<group>"; fileEncoding = undefined; lastKnownFileType = unknown; explicitFileType = undefined; includeInIndex = 0; };
		AEACC365F51C4EFF8E9AD4D0 /* Mali-ExtraLight.ttf */ = {isa = PBXFileReference; name = "Mali-ExtraLight.ttf"; path = "../assets/fonts/Mali-ExtraLight.ttf"; sourceTree = "<group>"; fileEncoding = undefined; lastKnownFileType = unknown; explicitFileType = undefined; includeInIndex = 0; };
		AC0A092ECF464F70B45C5E9E /* Mali-ExtraLightItalic.ttf */ = {isa = PBXFileReference; name = "Mali-ExtraLightItalic.ttf"; path = "../assets/fonts/Mali-ExtraLightItalic.ttf"; sourceTree = "<group>"; fileEncoding = undefined; lastKnownFileType = unknown; explicitFileType = undefined; includeInIndex = 0; };
		F8836E312A9D4182AEFED137 /* Mali-Italic.ttf */ = {isa = PBXFileReference; name = "Mali-Italic.ttf"; path = "../assets/fonts/Mali-Italic.ttf"; sourceTree = "<group>"; fileEncoding = undefined; lastKnownFileType = unknown; explicitFileType = undefined; includeInIndex = 0; };
		B30430DB02704779AE30975C /* Mali-Light.ttf */ = {isa = PBXFileReference; name = "Mali-Light.ttf"; path = "../assets/fonts/Mali-Light.ttf"; sourceTree = "<group>"; fileEncoding = undefined; lastKnownFileType = unknown; explicitFileType = undefined; includeInIndex = 0; };
		DB32C510277B4C2B829810BC /* Mali-LightItalic.ttf */ = {isa = PBXFileReference; name = "Mali-LightItalic.ttf"; path = "../assets/fonts/Mali-LightItalic.ttf"; sourceTree = "<group>"; fileEncoding = undefined; lastKnownFileType = unknown; explicitFileType = undefined; includeInIndex = 0; };
		FB2DD58438724EFEB7366DD0 /* Mali-Medium.ttf */ = {isa = PBXFileReference; name = "Mali-Medium.ttf"; path = "../assets/fonts/Mali-Medium.ttf"; sourceTree = "<group>"; fileEncoding = undefined; lastKnownFileType = unknown; explicitFileType = undefined; includeInIndex = 0; };
		AA6247889D72457AB1F3E2A7 /* Mali-MediumItalic.ttf */ = {isa = PBXFileReference; name = "Mali-MediumItalic.ttf"; path = "../assets/fonts/Mali-MediumItalic.ttf"; sourceTree = "<group>"; fileEncoding = undefined; lastKnownFileType = unknown; explicitFileType = undefined; includeInIndex = 0; };
		E3971587ED264451A310E69F /* Mali-Regular.ttf */ = {isa = PBXFileReference; name = "Mali-Regular.ttf"; path = "../assets/fonts/Mali-Regular.ttf"; sourceTree = "<group>"; fileEncoding = undefined; lastKnownFileType = unknown; explicitFileType = undefined; includeInIndex = 0; };
		848C4AC674804C009E55AFA9 /* Mali-SemiBold.ttf */ = {isa = PBXFileReference; name = "Mali-SemiBold.ttf"; path = "../assets/fonts/Mali-SemiBold.ttf"; sourceTree = "<group>"; fileEncoding = undefined; lastKnownFileType = unknown; explicitFileType = undefined; includeInIndex = 0; };
		87A23E4B0FED45C8AFB0DE32 /* Mali-SemiBoldItalic.ttf */ = {isa = PBXFileReference; name = "Mali-SemiBoldItalic.ttf"; path = "../assets/fonts/Mali-SemiBoldItalic.ttf"; sourceTree = "<group>"; fileEncoding = undefined; lastKnownFileType = unknown; explicitFileType = undefined; includeInIndex = 0; };
		8C92C9952EDD47E38C8BF9FF /* OFL.txt */ = {isa = PBXFileReference; name = "OFL.txt"; path = "../assets/fonts/OFL.txt"; sourceTree = "<group>"; fileEncoding = undefined; lastKnownFileType = unknown; explicitFileType = undefined; includeInIndex = 0; };
/* End PBXFileReference section */

/* Begin PBXFrameworksBuildPhase section */
		00E356EB1AD99517003FC87E /* Frameworks */ = {
			isa = PBXFrameworksBuildPhase;
			buildActionMask = 2147483647;
			files = (
				7699B88040F8A987B510C191 /* libPods-programmerslabagecalculator-programmerslabagecalculatorTests.a in Frameworks */,
			);
			runOnlyForDeploymentPostprocessing = 0;
		};
		13B07F8C1A680F5B00A75B9A /* Frameworks */ = {
			isa = PBXFrameworksBuildPhase;
			buildActionMask = 2147483647;
			files = (
				0C80B921A6F3F58F76C31292 /* libPods-programmerslabagecalculator.a in Frameworks */,
			);
			runOnlyForDeploymentPostprocessing = 0;
		};
/* End PBXFrameworksBuildPhase section */

/* Begin PBXGroup section */
		00E356EF1AD99517003FC87E /* programmerslabagecalculatorTests */ = {
			isa = PBXGroup;
			children = (
				00E356F21AD99517003FC87E /* programmerslabagecalculatorTests.m */,
				00E356F01AD99517003FC87E /* Supporting Files */,
			);
			path = programmerslabagecalculatorTests;
			sourceTree = "<group>";
		};
		00E356F01AD99517003FC87E /* Supporting Files */ = {
			isa = PBXGroup;
			children = (
				00E356F11AD99517003FC87E /* Info.plist */,
			);
			name = "Supporting Files";
			sourceTree = "<group>";
		};
		13B07FAE1A68108700A75B9A /* programmerslabagecalculator */ = {
			isa = PBXGroup;
			children = (
				13B07FAF1A68108700A75B9A /* AppDelegate.h */,
				13B07FB01A68108700A75B9A /* AppDelegate.mm */,
				13B07FB51A68108700A75B9A /* Images.xcassets */,
				13B07FB61A68108700A75B9A /* Info.plist */,
				81AB9BB72411601600AC10FF /* LaunchScreen.storyboard */,
				13B07FB71A68108700A75B9A /* main.m */,
				13B07FB81A68108700A75B9A /* PrivacyInfo.xcprivacy */,
			);
			name = programmerslabagecalculator;
			sourceTree = "<group>";
		};
		2D16E6871FA4F8E400B85C8A /* Frameworks */ = {
			isa = PBXGroup;
			children = (
				ED297162215061F000B7C4FE /* JavaScriptCore.framework */,
				5DCACB8F33CDC322A6C60F78 /* libPods-programmerslabagecalculator.a */,
				19F6CBCC0A4E27FBF8BF4A61 /* libPods-programmerslabagecalculator-programmerslabagecalculatorTests.a */,
			);
			name = Frameworks;
			sourceTree = "<group>";
		};
		832341AE1AAA6A7D00B99B32 /* Libraries */ = {
			isa = PBXGroup;
			children = (
			);
			name = Libraries;
			sourceTree = "<group>";
		};
		83CBB9F61A601CBA00E9B192 = {
			isa = PBXGroup;
			children = (
				13B07FAE1A68108700A75B9A /* programmerslabagecalculator */,
				832341AE1AAA6A7D00B99B32 /* Libraries */,
				00E356EF1AD99517003FC87E /* programmerslabagecalculatorTests */,
				83CBBA001A601CBA00E9B192 /* Products */,
				2D16E6871FA4F8E400B85C8A /* Frameworks */,
				BBD78D7AC51CEA395F1C20DB /* Pods */,
				A541AD8F3C764D88A88A8DA4 /* Resources */,
			);
			indentWidth = 2;
			sourceTree = "<group>";
			tabWidth = 2;
			usesTabs = 0;
		};
		83CBBA001A601CBA00E9B192 /* Products */ = {
			isa = PBXGroup;
			children = (
				13B07F961A680F5B00A75B9A /* programmerslabagecalculator.app */,
				00E356EE1AD99517003FC87E /* programmerslabagecalculatorTests.xctest */,
			);
			name = Products;
			sourceTree = "<group>";
		};
		BBD78D7AC51CEA395F1C20DB /* Pods */ = {
			isa = PBXGroup;
			children = (
				3B4392A12AC88292D35C810B /* Pods-programmerslabagecalculator.debug.xcconfig */,
				5709B34CF0A7D63546082F79 /* Pods-programmerslabagecalculator.release.xcconfig */,
				5B7EB9410499542E8C5724F5 /* Pods-programmerslabagecalculator-programmerslabagecalculatorTests.debug.xcconfig */,
				89C6BE57DB24E9ADA2F236DE /* Pods-programmerslabagecalculator-programmerslabagecalculatorTests.release.xcconfig */,
			);
			path = Pods;
			sourceTree = "<group>";
		};
		A541AD8F3C764D88A88A8DA4 /* Resources */ = {
			isa = "PBXGroup";
			children = (
				6438A18FB7204E43A42714DB /* LibreBaskerville-Bold.ttf */,
				2CB85D08A5D14BD9B65D05D1 /* LibreBaskerville-Italic.ttf */,
				E7CED30B633D4E9F844A3921 /* LibreBaskerville-Regular.ttf */,
				C221088FF5A545AABD47F3A3 /* LibreFranklin-Black.ttf */,
				A91EF1BF64B04C7D94707E6E /* LibreFranklin-BlackItalic.ttf */,
				93BC8121C555401A8543F997 /* LibreFranklin-Bold.ttf */,
				3FC828DB87464DBCBA1CA1A4 /* LibreFranklin-BoldItalic.ttf */,
				46785A959B624527A1DA3483 /* LibreFranklin-ExtraBold.ttf */,
				FB600BCF2C234C7F9ADE74FF /* LibreFranklin-ExtraBoldItalic.ttf */,
				80C843158E18441FB8997D3C /* LibreFranklin-ExtraLight.ttf */,
				5116F8A9596844208BCB4D5F /* LibreFranklin-ExtraLightItalic.ttf */,
				5E384376D9E041FB8F5E6B62 /* LibreFranklin-Italic-VariableFont_wght.ttf */,
				3789360034C94BA99409924A /* LibreFranklin-Italic.ttf */,
				4B543A14E08C466EA1DDEF92 /* LibreFranklin-Light.ttf */,
				DA6E81B50CEB45728AF73D25 /* LibreFranklin-LightItalic.ttf */,
				6DECFBA770424B5489A596F0 /* LibreFranklin-Medium.ttf */,
				DD549A7CEB62422CB4E25C2C /* LibreFranklin-MediumItalic.ttf */,
				91236CCA6DBE44B3A77226CD /* LibreFranklin-Regular.ttf */,
				9C80BF7B84B9433E87F57E6F /* LibreFranklin-SemiBold.ttf */,
				DC68A9E1E3B34FFA8871DE12 /* LibreFranklin-SemiBoldItalic.ttf */,
				E7D8653F62C34660B723397B /* LibreFranklin-Thin.ttf */,
				03E200F079C84252B1591B60 /* LibreFranklin-ThinItalic.ttf */,
				607466E2E69A485A8F7F1A7D /* LibreFranklin-VariableFont_wght.ttf */,
				F738781BAD9447EEBC00CFAD /* Mali-Bold.ttf */,
				917C794DF823478B8343476E /* Mali-BoldItalic.ttf */,
				AEACC365F51C4EFF8E9AD4D0 /* Mali-ExtraLight.ttf */,
				AC0A092ECF464F70B45C5E9E /* Mali-ExtraLightItalic.ttf */,
				F8836E312A9D4182AEFED137 /* Mali-Italic.ttf */,
				B30430DB02704779AE30975C /* Mali-Light.ttf */,
				DB32C510277B4C2B829810BC /* Mali-LightItalic.ttf */,
				FB2DD58438724EFEB7366DD0 /* Mali-Medium.ttf */,
				AA6247889D72457AB1F3E2A7 /* Mali-MediumItalic.ttf */,
				E3971587ED264451A310E69F /* Mali-Regular.ttf */,
				848C4AC674804C009E55AFA9 /* Mali-SemiBold.ttf */,
				87A23E4B0FED45C8AFB0DE32 /* Mali-SemiBoldItalic.ttf */,
				8C92C9952EDD47E38C8BF9FF /* OFL.txt */,
			);
			name = Resources;
			sourceTree = "<group>";
			path = "";
		};
/* End PBXGroup section */

/* Begin PBXNativeTarget section */
		00E356ED1AD99517003FC87E /* programmerslabagecalculatorTests */ = {
			isa = PBXNativeTarget;
			buildConfigurationList = 00E357021AD99517003FC87E /* Build configuration list for PBXNativeTarget "programmerslabagecalculatorTests" */;
			buildPhases = (
				A55EABD7B0C7F3A422A6CC61 /* [CP] Check Pods Manifest.lock */,
				00E356EA1AD99517003FC87E /* Sources */,
				00E356EB1AD99517003FC87E /* Frameworks */,
				00E356EC1AD99517003FC87E /* Resources */,
				C59DA0FBD6956966B86A3779 /* [CP] Embed Pods Frameworks */,
				F6A41C54EA430FDDC6A6ED99 /* [CP] Copy Pods Resources */,
			);
			buildRules = (
			);
			dependencies = (
				00E356F51AD99517003FC87E /* PBXTargetDependency */,
			);
			name = programmerslabagecalculatorTests;
			productName = programmerslabagecalculatorTests;
			productReference = 00E356EE1AD99517003FC87E /* programmerslabagecalculatorTests.xctest */;
			productType = "com.apple.product-type.bundle.unit-test";
		};
		13B07F861A680F5B00A75B9A /* programmerslabagecalculator */ = {
			isa = PBXNativeTarget;
			buildConfigurationList = 13B07F931A680F5B00A75B9A /* Build configuration list for PBXNativeTarget "programmerslabagecalculator" */;
			buildPhases = (
				C38B50BA6285516D6DCD4F65 /* [CP] Check Pods Manifest.lock */,
				13B07F871A680F5B00A75B9A /* Sources */,
				13B07F8C1A680F5B00A75B9A /* Frameworks */,
				13B07F8E1A680F5B00A75B9A /* Resources */,
				00DD1BFF1BD5951E006B06BC /* Bundle React Native code and images */,
				00EEFC60759A1932668264C0 /* [CP] Embed Pods Frameworks */,
				E235C05ADACE081382539298 /* [CP] Copy Pods Resources */,
			);
			buildRules = (
			);
			dependencies = (
			);
			name = programmerslabagecalculator;
			productName = programmerslabagecalculator;
			productReference = 13B07F961A680F5B00A75B9A /* programmerslabagecalculator.app */;
			productType = "com.apple.product-type.application";
		};
/* End PBXNativeTarget section */

/* Begin PBXProject section */
		83CBB9F71A601CBA00E9B192 /* Project object */ = {
			isa = PBXProject;
			attributes = {
				LastUpgradeCheck = 1210;
				TargetAttributes = {
					00E356ED1AD99517003FC87E = {
						CreatedOnToolsVersion = 6.2;
						TestTargetID = 13B07F861A680F5B00A75B9A;
					};
					13B07F861A680F5B00A75B9A = {
						LastSwiftMigration = 1120;
					};
				};
			};
			buildConfigurationList = 83CBB9FA1A601CBA00E9B192 /* Build configuration list for PBXProject "programmerslabagecalculator" */;
			compatibilityVersion = "Xcode 12.0";
			developmentRegion = en;
			hasScannedForEncodings = 0;
			knownRegions = (
				en,
				Base,
			);
			mainGroup = 83CBB9F61A601CBA00E9B192;
			productRefGroup = 83CBBA001A601CBA00E9B192 /* Products */;
			projectDirPath = "";
			projectRoot = "";
			targets = (
				13B07F861A680F5B00A75B9A /* programmerslabagecalculator */,
				00E356ED1AD99517003FC87E /* programmerslabagecalculatorTests */,
			);
		};
/* End PBXProject section */

/* Begin PBXResourcesBuildPhase section */
		00E356EC1AD99517003FC87E /* Resources */ = {
			isa = PBXResourcesBuildPhase;
			buildActionMask = 2147483647;
			files = (
			);
			runOnlyForDeploymentPostprocessing = 0;
		};
		13B07F8E1A680F5B00A75B9A /* Resources */ = {
			isa = PBXResourcesBuildPhase;
			buildActionMask = 2147483647;
			files = (
				81AB9BB82411601600AC10FF /* LaunchScreen.storyboard in Resources */,
				13B07FBF1A68108700A75B9A /* Images.xcassets in Resources */,
				31BF9A4566294097B78832F7 /* LibreBaskerville-Bold.ttf in Resources */,
				6414A52DC8774EAEB834BDE1 /* LibreBaskerville-Italic.ttf in Resources */,
				71590A52E6984887BC7397C0 /* LibreBaskerville-Regular.ttf in Resources */,
				3CF1B9A1F11440B68F9BC1AC /* LibreFranklin-Black.ttf in Resources */,
				EFC6BB6E6CF04055932EC47E /* LibreFranklin-BlackItalic.ttf in Resources */,
				EBA44A0139DB4FB09BE8D146 /* LibreFranklin-Bold.ttf in Resources */,
				5EC44715BD58487DB5698907 /* LibreFranklin-BoldItalic.ttf in Resources */,
				D88320DD761D43D3BCB31CAE /* LibreFranklin-ExtraBold.ttf in Resources */,
				71609BFC33F147AA86CC2353 /* LibreFranklin-ExtraBoldItalic.ttf in Resources */,
				F4E0C98CD6394A54A7C00008 /* LibreFranklin-ExtraLight.ttf in Resources */,
				94EBA25E5D1C4C358DACB526 /* LibreFranklin-ExtraLightItalic.ttf in Resources */,
				528939924FBD459ABC583728 /* LibreFranklin-Italic-VariableFont_wght.ttf in Resources */,
				F01794B07904416BB82318F7 /* LibreFranklin-Italic.ttf in Resources */,
				4E376CE56D0D44FE98994B03 /* LibreFranklin-Light.ttf in Resources */,
				513154F08AFF4F8AA0B9EC1E /* LibreFranklin-LightItalic.ttf in Resources */,
				A1E83273C10045C5B01852C3 /* LibreFranklin-Medium.ttf in Resources */,
				82A82011695F4A898BF52B84 /* LibreFranklin-MediumItalic.ttf in Resources */,
				9489E21B68604B7E8314EF25 /* LibreFranklin-Regular.ttf in Resources */,
				CBD0E61815C146108D275586 /* LibreFranklin-SemiBold.ttf in Resources */,
				D130FB3FDF6644FAA31A3880 /* LibreFranklin-SemiBoldItalic.ttf in Resources */,
				C650692370FA455EAE6812A4 /* LibreFranklin-Thin.ttf in Resources */,
				0BE1200EB6C3462487DDFB35 /* LibreFranklin-ThinItalic.ttf in Resources */,
				EF11F2C0FC1E4E0988880BDD /* LibreFranklin-VariableFont_wght.ttf in Resources */,
				D87DCF46B50640219B982575 /* Mali-Bold.ttf in Resources */,
				80AA16B96BC6411C98F4BFDB /* Mali-BoldItalic.ttf in Resources */,
				E6A0764FD708407C873B9865 /* Mali-ExtraLight.ttf in Resources */,
				B8E006942F374033AA17FC87 /* Mali-ExtraLightItalic.ttf in Resources */,
				E2C5301C9D6245EBA53C097B /* Mali-Italic.ttf in Resources */,
				71CFC39FEEE14FA6BDE17F33 /* Mali-Light.ttf in Resources */,
				DDACC5E30BE04CCBA13D2768 /* Mali-LightItalic.ttf in Resources */,
				AED5989412C44E78B152A058 /* Mali-Medium.ttf in Resources */,
				16B1CAF9C3B14B7E90ECD0FB /* Mali-MediumItalic.ttf in Resources */,
				F245E6EB47CD405BBFC7130C /* Mali-Regular.ttf in Resources */,
				930AC0D6A912483980EE24A8 /* Mali-SemiBold.ttf in Resources */,
				C7F03E8FAB2B45B6A6E490FF /* Mali-SemiBoldItalic.ttf in Resources */,
				99F92C8C1CC2420194CEFC83 /* OFL.txt in Resources */,
			);
			runOnlyForDeploymentPostprocessing = 0;
		};
/* End PBXResourcesBuildPhase section */

/* Begin PBXShellScriptBuildPhase section */
		00DD1BFF1BD5951E006B06BC /* Bundle React Native code and images */ = {
			isa = PBXShellScriptBuildPhase;
			buildActionMask = 2147483647;
			files = (
			);
			inputPaths = (
				"$(SRCROOT)/.xcode.env.local",
				"$(SRCROOT)/.xcode.env",
			);
			name = "Bundle React Native code and images";
			outputPaths = (
			);
			runOnlyForDeploymentPostprocessing = 0;
			shellPath = /bin/sh;
			shellScript = "set -e\n\nWITH_ENVIRONMENT=\"$REACT_NATIVE_PATH/scripts/xcode/with-environment.sh\"\nREACT_NATIVE_XCODE=\"$REACT_NATIVE_PATH/scripts/react-native-xcode.sh\"\n\n/bin/sh -c \"$WITH_ENVIRONMENT $REACT_NATIVE_XCODE\"\n";
		};
		00EEFC60759A1932668264C0 /* [CP] Embed Pods Frameworks */ = {
			isa = PBXShellScriptBuildPhase;
			buildActionMask = 2147483647;
			files = (
			);
			inputFileListPaths = (
				"${PODS_ROOT}/Target Support Files/Pods-programmerslabagecalculator/Pods-programmerslabagecalculator-frameworks-${CONFIGURATION}-input-files.xcfilelist",
			);
			name = "[CP] Embed Pods Frameworks";
			outputFileListPaths = (
				"${PODS_ROOT}/Target Support Files/Pods-programmerslabagecalculator/Pods-programmerslabagecalculator-frameworks-${CONFIGURATION}-output-files.xcfilelist",
			);
			runOnlyForDeploymentPostprocessing = 0;
			shellPath = /bin/sh;
			shellScript = "\"${PODS_ROOT}/Target Support Files/Pods-programmerslabagecalculator/Pods-programmerslabagecalculator-frameworks.sh\"\n";
			showEnvVarsInLog = 0;
		};
		A55EABD7B0C7F3A422A6CC61 /* [CP] Check Pods Manifest.lock */ = {
			isa = PBXShellScriptBuildPhase;
			buildActionMask = 2147483647;
			files = (
			);
			inputFileListPaths = (
			);
			inputPaths = (
				"${PODS_PODFILE_DIR_PATH}/Podfile.lock",
				"${PODS_ROOT}/Manifest.lock",
			);
			name = "[CP] Check Pods Manifest.lock";
			outputFileListPaths = (
			);
			outputPaths = (
				"$(DERIVED_FILE_DIR)/Pods-programmerslabagecalculator-programmerslabagecalculatorTests-checkManifestLockResult.txt",
			);
			runOnlyForDeploymentPostprocessing = 0;
			shellPath = /bin/sh;
			shellScript = "diff \"${PODS_PODFILE_DIR_PATH}/Podfile.lock\" \"${PODS_ROOT}/Manifest.lock\" > /dev/null\nif [ $? != 0 ] ; then\n    # print error to STDERR\n    echo \"error: The sandbox is not in sync with the Podfile.lock. Run 'pod install' or update your CocoaPods installation.\" >&2\n    exit 1\nfi\n# This output is used by Xcode 'outputs' to avoid re-running this script phase.\necho \"SUCCESS\" > \"${SCRIPT_OUTPUT_FILE_0}\"\n";
			showEnvVarsInLog = 0;
		};
		C38B50BA6285516D6DCD4F65 /* [CP] Check Pods Manifest.lock */ = {
			isa = PBXShellScriptBuildPhase;
			buildActionMask = 2147483647;
			files = (
			);
			inputFileListPaths = (
			);
			inputPaths = (
				"${PODS_PODFILE_DIR_PATH}/Podfile.lock",
				"${PODS_ROOT}/Manifest.lock",
			);
			name = "[CP] Check Pods Manifest.lock";
			outputFileListPaths = (
			);
			outputPaths = (
				"$(DERIVED_FILE_DIR)/Pods-programmerslabagecalculator-checkManifestLockResult.txt",
			);
			runOnlyForDeploymentPostprocessing = 0;
			shellPath = /bin/sh;
			shellScript = "diff \"${PODS_PODFILE_DIR_PATH}/Podfile.lock\" \"${PODS_ROOT}/Manifest.lock\" > /dev/null\nif [ $? != 0 ] ; then\n    # print error to STDERR\n    echo \"error: The sandbox is not in sync with the Podfile.lock. Run 'pod install' or update your CocoaPods installation.\" >&2\n    exit 1\nfi\n# This output is used by Xcode 'outputs' to avoid re-running this script phase.\necho \"SUCCESS\" > \"${SCRIPT_OUTPUT_FILE_0}\"\n";
			showEnvVarsInLog = 0;
		};
		C59DA0FBD6956966B86A3779 /* [CP] Embed Pods Frameworks */ = {
			isa = PBXShellScriptBuildPhase;
			buildActionMask = 2147483647;
			files = (
			);
			inputFileListPaths = (
				"${PODS_ROOT}/Target Support Files/Pods-programmerslabagecalculator-programmerslabagecalculatorTests/Pods-programmerslabagecalculator-programmerslabagecalculatorTests-frameworks-${CONFIGURATION}-input-files.xcfilelist",
			);
			name = "[CP] Embed Pods Frameworks";
			outputFileListPaths = (
				"${PODS_ROOT}/Target Support Files/Pods-programmerslabagecalculator-programmerslabagecalculatorTests/Pods-programmerslabagecalculator-programmerslabagecalculatorTests-frameworks-${CONFIGURATION}-output-files.xcfilelist",
			);
			runOnlyForDeploymentPostprocessing = 0;
			shellPath = /bin/sh;
			shellScript = "\"${PODS_ROOT}/Target Support Files/Pods-programmerslabagecalculator-programmerslabagecalculatorTests/Pods-programmerslabagecalculator-programmerslabagecalculatorTests-frameworks.sh\"\n";
			showEnvVarsInLog = 0;
		};
		E235C05ADACE081382539298 /* [CP] Copy Pods Resources */ = {
			isa = PBXShellScriptBuildPhase;
			buildActionMask = 2147483647;
			files = (
			);
			inputFileListPaths = (
				"${PODS_ROOT}/Target Support Files/Pods-programmerslabagecalculator/Pods-programmerslabagecalculator-resources-${CONFIGURATION}-input-files.xcfilelist",
			);
			name = "[CP] Copy Pods Resources";
			outputFileListPaths = (
				"${PODS_ROOT}/Target Support Files/Pods-programmerslabagecalculator/Pods-programmerslabagecalculator-resources-${CONFIGURATION}-output-files.xcfilelist",
			);
			runOnlyForDeploymentPostprocessing = 0;
			shellPath = /bin/sh;
			shellScript = "\"${PODS_ROOT}/Target Support Files/Pods-programmerslabagecalculator/Pods-programmerslabagecalculator-resources.sh\"\n";
			showEnvVarsInLog = 0;
		};
		F6A41C54EA430FDDC6A6ED99 /* [CP] Copy Pods Resources */ = {
			isa = PBXShellScriptBuildPhase;
			buildActionMask = 2147483647;
			files = (
			);
			inputFileListPaths = (
				"${PODS_ROOT}/Target Support Files/Pods-programmerslabagecalculator-programmerslabagecalculatorTests/Pods-programmerslabagecalculator-programmerslabagecalculatorTests-resources-${CONFIGURATION}-input-files.xcfilelist",
			);
			name = "[CP] Copy Pods Resources";
			outputFileListPaths = (
				"${PODS_ROOT}/Target Support Files/Pods-programmerslabagecalculator-programmerslabagecalculatorTests/Pods-programmerslabagecalculator-programmerslabagecalculatorTests-resources-${CONFIGURATION}-output-files.xcfilelist",
			);
			runOnlyForDeploymentPostprocessing = 0;
			shellPath = /bin/sh;
			shellScript = "\"${PODS_ROOT}/Target Support Files/Pods-programmerslabagecalculator-programmerslabagecalculatorTests/Pods-programmerslabagecalculator-programmerslabagecalculatorTests-resources.sh\"\n";
			showEnvVarsInLog = 0;
		};
/* End PBXShellScriptBuildPhase section */

/* Begin PBXSourcesBuildPhase section */
		00E356EA1AD99517003FC87E /* Sources */ = {
			isa = PBXSourcesBuildPhase;
			buildActionMask = 2147483647;
			files = (
				00E356F31AD99517003FC87E /* programmerslabagecalculatorTests.m in Sources */,
			);
			runOnlyForDeploymentPostprocessing = 0;
		};
		13B07F871A680F5B00A75B9A /* Sources */ = {
			isa = PBXSourcesBuildPhase;
			buildActionMask = 2147483647;
			files = (
				13B07FBC1A68108700A75B9A /* AppDelegate.mm in Sources */,
				13B07FC11A68108700A75B9A /* main.m in Sources */,
			);
			runOnlyForDeploymentPostprocessing = 0;
		};
/* End PBXSourcesBuildPhase section */

/* Begin PBXTargetDependency section */
		00E356F51AD99517003FC87E /* PBXTargetDependency */ = {
			isa = PBXTargetDependency;
			target = 13B07F861A680F5B00A75B9A /* programmerslabagecalculator */;
			targetProxy = 00E356F41AD99517003FC87E /* PBXContainerItemProxy */;
		};
/* End PBXTargetDependency section */

/* Begin XCBuildConfiguration section */
		00E356F61AD99517003FC87E /* Debug */ = {
			isa = XCBuildConfiguration;
			baseConfigurationReference = 5B7EB9410499542E8C5724F5 /* Pods-programmerslabagecalculator-programmerslabagecalculatorTests.debug.xcconfig */;
			buildSettings = {
				BUNDLE_LOADER = "$(TEST_HOST)";
				GCC_PREPROCESSOR_DEFINITIONS = (
					"DEBUG=1",
					"$(inherited)",
				);
				INFOPLIST_FILE = programmerslabagecalculatorTests/Info.plist;
				IPHONEOS_DEPLOYMENT_TARGET = 13.4;
				LD_RUNPATH_SEARCH_PATHS = (
					"$(inherited)",
					"@executable_path/Frameworks",
					"@loader_path/Frameworks",
				);
				OTHER_LDFLAGS = (
					"-ObjC",
					"-lc++",
					"$(inherited)",
				);
				PRODUCT_BUNDLE_IDENTIFIER = "org.reactjs.native.example.$(PRODUCT_NAME:rfc1034identifier)";
				PRODUCT_NAME = "$(TARGET_NAME)";
				TEST_HOST = "$(BUILT_PRODUCTS_DIR)/programmerslabagecalculator.app/programmerslabagecalculator";
			};
			name = Debug;
		};
		00E356F71AD99517003FC87E /* Release */ = {
			isa = XCBuildConfiguration;
			baseConfigurationReference = 89C6BE57DB24E9ADA2F236DE /* Pods-programmerslabagecalculator-programmerslabagecalculatorTests.release.xcconfig */;
			buildSettings = {
				BUNDLE_LOADER = "$(TEST_HOST)";
				COPY_PHASE_STRIP = NO;
				INFOPLIST_FILE = programmerslabagecalculatorTests/Info.plist;
				IPHONEOS_DEPLOYMENT_TARGET = 13.4;
				LD_RUNPATH_SEARCH_PATHS = (
					"$(inherited)",
					"@executable_path/Frameworks",
					"@loader_path/Frameworks",
				);
				OTHER_LDFLAGS = (
					"-ObjC",
					"-lc++",
					"$(inherited)",
				);
				PRODUCT_BUNDLE_IDENTIFIER = "org.reactjs.native.example.$(PRODUCT_NAME:rfc1034identifier)";
				PRODUCT_NAME = "$(TARGET_NAME)";
				TEST_HOST = "$(BUILT_PRODUCTS_DIR)/programmerslabagecalculator.app/programmerslabagecalculator";
			};
			name = Release;
		};
		13B07F941A680F5B00A75B9A /* Debug */ = {
			isa = XCBuildConfiguration;
			baseConfigurationReference = 3B4392A12AC88292D35C810B /* Pods-programmerslabagecalculator.debug.xcconfig */;
			buildSettings = {
				ASSETCATALOG_COMPILER_APPICON_NAME = AppIcon;
				CLANG_ENABLE_MODULES = YES;
				CURRENT_PROJECT_VERSION = 1;
				ENABLE_BITCODE = NO;
				INFOPLIST_FILE = programmerslabagecalculator/Info.plist;
				LD_RUNPATH_SEARCH_PATHS = (
					"$(inherited)",
					"@executable_path/Frameworks",
				);
				MARKETING_VERSION = 1.0;
				OTHER_LDFLAGS = (
					"$(inherited)",
					"-ObjC",
					"-lc++",
				);
				PRODUCT_BUNDLE_IDENTIFIER = "org.reactjs.native.example.$(PRODUCT_NAME:rfc1034identifier)";
				PRODUCT_NAME = programmerslabagecalculator;
				SWIFT_OPTIMIZATION_LEVEL = "-Onone";
				SWIFT_VERSION = 5.0;
				VERSIONING_SYSTEM = "apple-generic";
			};
			name = Debug;
		};
		13B07F951A680F5B00A75B9A /* Release */ = {
			isa = XCBuildConfiguration;
			baseConfigurationReference = 5709B34CF0A7D63546082F79 /* Pods-programmerslabagecalculator.release.xcconfig */;
			buildSettings = {
				ASSETCATALOG_COMPILER_APPICON_NAME = AppIcon;
				CLANG_ENABLE_MODULES = YES;
				CURRENT_PROJECT_VERSION = 1;
				INFOPLIST_FILE = programmerslabagecalculator/Info.plist;
				LD_RUNPATH_SEARCH_PATHS = (
					"$(inherited)",
					"@executable_path/Frameworks",
				);
				MARKETING_VERSION = 1.0;
				OTHER_LDFLAGS = (
					"$(inherited)",
					"-ObjC",
					"-lc++",
				);
				PRODUCT_BUNDLE_IDENTIFIER = "org.reactjs.native.example.$(PRODUCT_NAME:rfc1034identifier)";
				PRODUCT_NAME = programmerslabagecalculator;
				SWIFT_VERSION = 5.0;
				VERSIONING_SYSTEM = "apple-generic";
			};
			name = Release;
		};
		83CBBA201A601CBA00E9B192 /* Debug */ = {
			isa = XCBuildConfiguration;
			buildSettings = {
				ALWAYS_SEARCH_USER_PATHS = NO;
				CLANG_ANALYZER_LOCALIZABILITY_NONLOCALIZED = YES;
				CLANG_CXX_LANGUAGE_STANDARD = "c++20";
				CLANG_CXX_LIBRARY = "libc++";
				CLANG_ENABLE_MODULES = YES;
				CLANG_ENABLE_OBJC_ARC = YES;
				CLANG_WARN_BLOCK_CAPTURE_AUTORELEASING = YES;
				CLANG_WARN_BOOL_CONVERSION = YES;
				CLANG_WARN_COMMA = YES;
				CLANG_WARN_CONSTANT_CONVERSION = YES;
				CLANG_WARN_DEPRECATED_OBJC_IMPLEMENTATIONS = YES;
				CLANG_WARN_DIRECT_OBJC_ISA_USAGE = YES_ERROR;
				CLANG_WARN_EMPTY_BODY = YES;
				CLANG_WARN_ENUM_CONVERSION = YES;
				CLANG_WARN_INFINITE_RECURSION = YES;
				CLANG_WARN_INT_CONVERSION = YES;
				CLANG_WARN_NON_LITERAL_NULL_CONVERSION = YES;
				CLANG_WARN_OBJC_IMPLICIT_RETAIN_SELF = YES;
				CLANG_WARN_OBJC_LITERAL_CONVERSION = YES;
				CLANG_WARN_OBJC_ROOT_CLASS = YES_ERROR;
				CLANG_WARN_QUOTED_INCLUDE_IN_FRAMEWORK_HEADER = YES;
				CLANG_WARN_RANGE_LOOP_ANALYSIS = YES;
				CLANG_WARN_STRICT_PROTOTYPES = YES;
				CLANG_WARN_SUSPICIOUS_MOVE = YES;
				CLANG_WARN_UNREACHABLE_CODE = YES;
				CLANG_WARN__DUPLICATE_METHOD_MATCH = YES;
				"CODE_SIGN_IDENTITY[sdk=iphoneos*]" = "iPhone Developer";
				COPY_PHASE_STRIP = NO;
				ENABLE_STRICT_OBJC_MSGSEND = YES;
				ENABLE_TESTABILITY = YES;
				"EXCLUDED_ARCHS[sdk=iphonesimulator*]" = "";
				GCC_C_LANGUAGE_STANDARD = gnu99;
				GCC_DYNAMIC_NO_PIC = NO;
				GCC_NO_COMMON_BLOCKS = YES;
				GCC_OPTIMIZATION_LEVEL = 0;
				GCC_PREPROCESSOR_DEFINITIONS = (
					"DEBUG=1",
					"$(inherited)",
				);
				GCC_SYMBOLS_PRIVATE_EXTERN = NO;
				GCC_WARN_64_TO_32_BIT_CONVERSION = YES;
				GCC_WARN_ABOUT_RETURN_TYPE = YES_ERROR;
				GCC_WARN_UNDECLARED_SELECTOR = YES;
				GCC_WARN_UNINITIALIZED_AUTOS = YES_AGGRESSIVE;
				GCC_WARN_UNUSED_FUNCTION = YES;
				GCC_WARN_UNUSED_VARIABLE = YES;
				IPHONEOS_DEPLOYMENT_TARGET = 13.4;
				LD_RUNPATH_SEARCH_PATHS = (
					/usr/lib/swift,
					"$(inherited)",
				);
				LIBRARY_SEARCH_PATHS = (
					"\"$(SDKROOT)/usr/lib/swift\"",
					"\"$(TOOLCHAIN_DIR)/usr/lib/swift/$(PLATFORM_NAME)\"",
					"\"$(inherited)\"",
				);
				MTL_ENABLE_DEBUG_INFO = YES;
				ONLY_ACTIVE_ARCH = YES;
				OTHER_CPLUSPLUSFLAGS = (
					"$(OTHER_CFLAGS)",
					"-DFOLLY_NO_CONFIG",
					"-DFOLLY_MOBILE=1",
					"-DFOLLY_USE_LIBCPP=1",
					"-DFOLLY_CFG_NO_COROUTINES=1",
					"-DFOLLY_HAVE_CLOCK_GETTIME=1",
				);
				SDKROOT = iphoneos;
			};
			name = Debug;
		};
		83CBBA211A601CBA00E9B192 /* Release */ = {
			isa = XCBuildConfiguration;
			buildSettings = {
				ALWAYS_SEARCH_USER_PATHS = NO;
				CLANG_ANALYZER_LOCALIZABILITY_NONLOCALIZED = YES;
				CLANG_CXX_LANGUAGE_STANDARD = "c++20";
				CLANG_CXX_LIBRARY = "libc++";
				CLANG_ENABLE_MODULES = YES;
				CLANG_ENABLE_OBJC_ARC = YES;
				CLANG_WARN_BLOCK_CAPTURE_AUTORELEASING = YES;
				CLANG_WARN_BOOL_CONVERSION = YES;
				CLANG_WARN_COMMA = YES;
				CLANG_WARN_CONSTANT_CONVERSION = YES;
				CLANG_WARN_DEPRECATED_OBJC_IMPLEMENTATIONS = YES;
				CLANG_WARN_DIRECT_OBJC_ISA_USAGE = YES_ERROR;
				CLANG_WARN_EMPTY_BODY = YES;
				CLANG_WARN_ENUM_CONVERSION = YES;
				CLANG_WARN_INFINITE_RECURSION = YES;
				CLANG_WARN_INT_CONVERSION = YES;
				CLANG_WARN_NON_LITERAL_NULL_CONVERSION = YES;
				CLANG_WARN_OBJC_IMPLICIT_RETAIN_SELF = YES;
				CLANG_WARN_OBJC_LITERAL_CONVERSION = YES;
				CLANG_WARN_OBJC_ROOT_CLASS = YES_ERROR;
				CLANG_WARN_QUOTED_INCLUDE_IN_FRAMEWORK_HEADER = YES;
				CLANG_WARN_RANGE_LOOP_ANALYSIS = YES;
				CLANG_WARN_STRICT_PROTOTYPES = YES;
				CLANG_WARN_SUSPICIOUS_MOVE = YES;
				CLANG_WARN_UNREACHABLE_CODE = YES;
				CLANG_WARN__DUPLICATE_METHOD_MATCH = YES;
				"CODE_SIGN_IDENTITY[sdk=iphoneos*]" = "iPhone Developer";
				COPY_PHASE_STRIP = YES;
				ENABLE_NS_ASSERTIONS = NO;
				ENABLE_STRICT_OBJC_MSGSEND = YES;
				"EXCLUDED_ARCHS[sdk=iphonesimulator*]" = "";
				GCC_C_LANGUAGE_STANDARD = gnu99;
				GCC_NO_COMMON_BLOCKS = YES;
				GCC_WARN_64_TO_32_BIT_CONVERSION = YES;
				GCC_WARN_ABOUT_RETURN_TYPE = YES_ERROR;
				GCC_WARN_UNDECLARED_SELECTOR = YES;
				GCC_WARN_UNINITIALIZED_AUTOS = YES_AGGRESSIVE;
				GCC_WARN_UNUSED_FUNCTION = YES;
				GCC_WARN_UNUSED_VARIABLE = YES;
				IPHONEOS_DEPLOYMENT_TARGET = 13.4;
				LD_RUNPATH_SEARCH_PATHS = (
					/usr/lib/swift,
					"$(inherited)",
				);
				LIBRARY_SEARCH_PATHS = (
					"\"$(SDKROOT)/usr/lib/swift\"",
					"\"$(TOOLCHAIN_DIR)/usr/lib/swift/$(PLATFORM_NAME)\"",
					"\"$(inherited)\"",
				);
				MTL_ENABLE_DEBUG_INFO = NO;
				OTHER_CPLUSPLUSFLAGS = (
					"$(OTHER_CFLAGS)",
					"-DFOLLY_NO_CONFIG",
					"-DFOLLY_MOBILE=1",
					"-DFOLLY_USE_LIBCPP=1",
					"-DFOLLY_CFG_NO_COROUTINES=1",
					"-DFOLLY_HAVE_CLOCK_GETTIME=1",
				);
				SDKROOT = iphoneos;
				VALIDATE_PRODUCT = YES;
			};
			name = Release;
		};
/* End XCBuildConfiguration section */

/* Begin XCConfigurationList section */
		00E357021AD99517003FC87E /* Build configuration list for PBXNativeTarget "programmerslabagecalculatorTests" */ = {
			isa = XCConfigurationList;
			buildConfigurations = (
				00E356F61AD99517003FC87E /* Debug */,
				00E356F71AD99517003FC87E /* Release */,
			);
			defaultConfigurationIsVisible = 0;
			defaultConfigurationName = Release;
		};
		13B07F931A680F5B00A75B9A /* Build configuration list for PBXNativeTarget "programmerslabagecalculator" */ = {
			isa = XCConfigurationList;
			buildConfigurations = (
				13B07F941A680F5B00A75B9A /* Debug */,
				13B07F951A680F5B00A75B9A /* Release */,
			);
			defaultConfigurationIsVisible = 0;
			defaultConfigurationName = Release;
		};
		83CBB9FA1A601CBA00E9B192 /* Build configuration list for PBXProject "programmerslabagecalculator" */ = {
			isa = XCConfigurationList;
			buildConfigurations = (
				83CBBA201A601CBA00E9B192 /* Debug */,
				83CBBA211A601CBA00E9B192 /* Release */,
			);
			defaultConfigurationIsVisible = 0;
			defaultConfigurationName = Release;
		};
/* End XCConfigurationList section */
	};
	rootObject = 83CBB9F71A601CBA00E9B192 /* Project object */;
}
